// !$*UTF8*$!
{
	archiveVersion = 1;
	classes = {
	};
	objectVersion = 46;
	objects = {

/* Begin PBXBuildFile section */
		65044DCA1C40D7B5008B8F14 /* secondStream.swift in Sources */ = {isa = PBXBuildFile; fileRef = 65044DC91C40D7B5008B8F14 /* secondStream.swift */; };
		6516C1841C47031D003B35E0 /* AddressBook.framework in Frameworks */ = {isa = PBXBuildFile; fileRef = 6516C1831C47031D003B35E0 /* AddressBook.framework */; };
		6516C1861C470323003B35E0 /* AddressBookUI.framework in Frameworks */ = {isa = PBXBuildFile; fileRef = 6516C1851C470323003B35E0 /* AddressBookUI.framework */; };
		6516C1881C472F9F003B35E0 /* FT+NSUserDefaults.swift in Sources */ = {isa = PBXBuildFile; fileRef = 6516C1871C472F9F003B35E0 /* FT+NSUserDefaults.swift */; };
		6516C18A1C472FB9003B35E0 /* FT+UIAlertController.swift in Sources */ = {isa = PBXBuildFile; fileRef = 6516C1891C472FB9003B35E0 /* FT+UIAlertController.swift */; };
		6516C18D1C473222003B35E0 /* CoreData.swift in Sources */ = {isa = PBXBuildFile; fileRef = 6516C18C1C473222003B35E0 /* CoreData.swift */; };
		6585C7CD1C38CE4300A32E55 /* MainViewController.swift in Sources */ = {isa = PBXBuildFile; fileRef = 6585C7CC1C38CE4300A32E55 /* MainViewController.swift */; };
		65961AB81C448F3000BD9212 /* OpenTokHelper.swift in Sources */ = {isa = PBXBuildFile; fileRef = 65961AB71C448F3000BD9212 /* OpenTokHelper.swift */; };
		65961ABA1C448FEC00BD9212 /* LoginViewController.swift in Sources */ = {isa = PBXBuildFile; fileRef = 65961AB91C448FEC00BD9212 /* LoginViewController.swift */; };
		65A838E91BFA9DED005A876B /* CoreMedia.framework in Frameworks */ = {isa = PBXBuildFile; fileRef = 65A838E81BFA9DED005A876B /* CoreMedia.framework */; };
		65A838EB1BFA9DF2005A876B /* CoreGraphics.framework in Frameworks */ = {isa = PBXBuildFile; fileRef = 65A838EA1BFA9DF2005A876B /* CoreGraphics.framework */; };
		65A838ED1BFA9DF8005A876B /* Security.framework in Frameworks */ = {isa = PBXBuildFile; fileRef = 65A838EC1BFA9DF8005A876B /* Security.framework */; };
		65A838EF1BFA9DFC005A876B /* CoreLocation.framework in Frameworks */ = {isa = PBXBuildFile; fileRef = 65A838EE1BFA9DFC005A876B /* CoreLocation.framework */; };
		65A838F11BFA9E02005A876B /* Social.framework in Frameworks */ = {isa = PBXBuildFile; fileRef = 65A838F01BFA9E02005A876B /* Social.framework */; };
		65A838F31BFA9E08005A876B /* AdSupport.framework in Frameworks */ = {isa = PBXBuildFile; fileRef = 65A838F21BFA9E08005A876B /* AdSupport.framework */; };
		65A838F51BFA9E0E005A876B /* Accounts.framework in Frameworks */ = {isa = PBXBuildFile; fileRef = 65A838F41BFA9E0E005A876B /* Accounts.framework */; };
		65A838F71BFA9E17005A876B /* libsqlite3.0.tbd in Frameworks */ = {isa = PBXBuildFile; fileRef = 65A838F61BFA9E17005A876B /* libsqlite3.0.tbd */; };
		65A838F91BFA9E34005A876B /* libstdc++.tbd in Frameworks */ = {isa = PBXBuildFile; fileRef = 65A838F81BFA9E34005A876B /* libstdc++.tbd */; };
		65A838FB1BFA9E3A005A876B /* libz.tbd in Frameworks */ = {isa = PBXBuildFile; fileRef = 65A838FA1BFA9E3A005A876B /* libz.tbd */; };
		65A838FD1BFA9E41005A876B /* SystemConfiguration.framework in Frameworks */ = {isa = PBXBuildFile; fileRef = 65A838FC1BFA9E41005A876B /* SystemConfiguration.framework */; };
		65A838FF1BFA9E53005A876B /* QuartzCore.framework in Frameworks */ = {isa = PBXBuildFile; fileRef = 65A838FE1BFA9E53005A876B /* QuartzCore.framework */; };
		65A839011BFA9E60005A876B /* OpenGLES.framework in Frameworks */ = {isa = PBXBuildFile; fileRef = 65A839001BFA9E60005A876B /* OpenGLES.framework */; };
		65A839031BFA9E67005A876B /* CFNetwork.framework in Frameworks */ = {isa = PBXBuildFile; fileRef = 65A839021BFA9E67005A876B /* CFNetwork.framework */; };
		65A839051BFA9E6E005A876B /* MobileCoreServices.framework in Frameworks */ = {isa = PBXBuildFile; fileRef = 65A839041BFA9E6E005A876B /* MobileCoreServices.framework */; };
		65A839071BFA9E74005A876B /* AudioToolbox.framework in Frameworks */ = {isa = PBXBuildFile; fileRef = 65A839061BFA9E74005A876B /* AudioToolbox.framework */; };
		65A839091BFA9E7B005A876B /* AVFoundation.framework in Frameworks */ = {isa = PBXBuildFile; fileRef = 65A839081BFA9E7B005A876B /* AVFoundation.framework */; };
		65A8390B1BFA9E82005A876B /* CoreAudio.framework in Frameworks */ = {isa = PBXBuildFile; fileRef = 65A8390A1BFA9E82005A876B /* CoreAudio.framework */; };
		65A8390D1BFA9E88005A876B /* CoreTelephony.framework in Frameworks */ = {isa = PBXBuildFile; fileRef = 65A8390C1BFA9E88005A876B /* CoreTelephony.framework */; };
		65A8390F1BFA9E8D005A876B /* CoreVideo.framework in Frameworks */ = {isa = PBXBuildFile; fileRef = 65A8390E1BFA9E8D005A876B /* CoreVideo.framework */; };
		65A839111BFA9E92005A876B /* Foundation.framework in Frameworks */ = {isa = PBXBuildFile; fileRef = 65A839101BFA9E92005A876B /* Foundation.framework */; };
		65A839131BFA9E9B005A876B /* UIKit.framework in Frameworks */ = {isa = PBXBuildFile; fileRef = 65A839121BFA9E9B005A876B /* UIKit.framework */; };
		65C45C861BFA9B5D0019E91A /* AppDelegate.swift in Sources */ = {isa = PBXBuildFile; fileRef = 65C45C851BFA9B5D0019E91A /* AppDelegate.swift */; };
		65C45C8B1BFA9B5D0019E91A /* Main.storyboard in Resources */ = {isa = PBXBuildFile; fileRef = 65C45C891BFA9B5D0019E91A /* Main.storyboard */; };
		65C45C8E1BFA9B5E0019E91A /* ThreeWayFaceTime.xcdatamodeld in Sources */ = {isa = PBXBuildFile; fileRef = 65C45C8C1BFA9B5E0019E91A /* ThreeWayFaceTime.xcdatamodeld */; };
		65C45C901BFA9B5E0019E91A /* Assets.xcassets in Resources */ = {isa = PBXBuildFile; fileRef = 65C45C8F1BFA9B5E0019E91A /* Assets.xcassets */; };
		65C45C931BFA9B5E0019E91A /* LaunchScreen.storyboard in Resources */ = {isa = PBXBuildFile; fileRef = 65C45C911BFA9B5E0019E91A /* LaunchScreen.storyboard */; };
		65C45C9E1BFA9B5E0019E91A /* ThreeWayFaceTimeTests.swift in Sources */ = {isa = PBXBuildFile; fileRef = 65C45C9D1BFA9B5E0019E91A /* ThreeWayFaceTimeTests.swift */; };
		65C45CA91BFA9B5E0019E91A /* ThreeWayFaceTimeUITests.swift in Sources */ = {isa = PBXBuildFile; fileRef = 65C45CA81BFA9B5E0019E91A /* ThreeWayFaceTimeUITests.swift */; };
		65E7C81C1C437144003EE16C /* cloud in Resources */ = {isa = PBXBuildFile; fileRef = 65E7C81B1C437144003EE16C /* cloud */; };
		8600115B1C41C8F854F60FEB /* Pods.framework in Frameworks */ = {isa = PBXBuildFile; fileRef = 6B28032F6EAD56B697E7472E /* Pods.framework */; settings = {ATTRIBUTES = (Weak, ); }; };
/* End PBXBuildFile section */

/* Begin PBXContainerItemProxy section */
		65C45C9A1BFA9B5E0019E91A /* PBXContainerItemProxy */ = {
			isa = PBXContainerItemProxy;
			containerPortal = 65C45C7A1BFA9B5D0019E91A /* Project object */;
			proxyType = 1;
			remoteGlobalIDString = 65C45C811BFA9B5D0019E91A;
			remoteInfo = ThreeWayFaceTime;
		};
		65C45CA51BFA9B5E0019E91A /* PBXContainerItemProxy */ = {
			isa = PBXContainerItemProxy;
			containerPortal = 65C45C7A1BFA9B5D0019E91A /* Project object */;
			proxyType = 1;
			remoteGlobalIDString = 65C45C811BFA9B5D0019E91A;
			remoteInfo = ThreeWayFaceTime;
		};
/* End PBXContainerItemProxy section */

/* Begin PBXFileReference section */
		2E98B168BF0F3B4C53A5B050 /* Pods.debug.xcconfig */ = {isa = PBXFileReference; includeInIndex = 1; lastKnownFileType = text.xcconfig; name = Pods.debug.xcconfig; path = "Pods/Target Support Files/Pods/Pods.debug.xcconfig"; sourceTree = "<group>"; };
		65044DC91C40D7B5008B8F14 /* secondStream.swift */ = {isa = PBXFileReference; fileEncoding = 4; lastKnownFileType = sourcecode.swift; path = secondStream.swift; sourceTree = "<group>"; };
		6516C1831C47031D003B35E0 /* AddressBook.framework */ = {isa = PBXFileReference; lastKnownFileType = wrapper.framework; name = AddressBook.framework; path = System/Library/Frameworks/AddressBook.framework; sourceTree = SDKROOT; };
		6516C1851C470323003B35E0 /* AddressBookUI.framework */ = {isa = PBXFileReference; lastKnownFileType = wrapper.framework; name = AddressBookUI.framework; path = System/Library/Frameworks/AddressBookUI.framework; sourceTree = SDKROOT; };
		6516C1871C472F9F003B35E0 /* FT+NSUserDefaults.swift */ = {isa = PBXFileReference; fileEncoding = 4; lastKnownFileType = sourcecode.swift; path = "FT+NSUserDefaults.swift"; sourceTree = "<group>"; };
		6516C1891C472FB9003B35E0 /* FT+UIAlertController.swift */ = {isa = PBXFileReference; fileEncoding = 4; lastKnownFileType = sourcecode.swift; path = "FT+UIAlertController.swift"; sourceTree = "<group>"; };
		6516C18C1C473222003B35E0 /* CoreData.swift */ = {isa = PBXFileReference; fileEncoding = 4; lastKnownFileType = sourcecode.swift; path = CoreData.swift; sourceTree = "<group>"; };
		6585C7CC1C38CE4300A32E55 /* MainViewController.swift */ = {isa = PBXFileReference; fileEncoding = 4; lastKnownFileType = sourcecode.swift; path = MainViewController.swift; sourceTree = "<group>"; };
		65961AB71C448F3000BD9212 /* OpenTokHelper.swift */ = {isa = PBXFileReference; fileEncoding = 4; lastKnownFileType = sourcecode.swift; path = OpenTokHelper.swift; sourceTree = "<group>"; };
		65961AB91C448FEC00BD9212 /* LoginViewController.swift */ = {isa = PBXFileReference; fileEncoding = 4; lastKnownFileType = sourcecode.swift; path = LoginViewController.swift; sourceTree = "<group>"; };
		65A838E81BFA9DED005A876B /* CoreMedia.framework */ = {isa = PBXFileReference; lastKnownFileType = wrapper.framework; name = CoreMedia.framework; path = System/Library/Frameworks/CoreMedia.framework; sourceTree = SDKROOT; };
		65A838EA1BFA9DF2005A876B /* CoreGraphics.framework */ = {isa = PBXFileReference; lastKnownFileType = wrapper.framework; name = CoreGraphics.framework; path = System/Library/Frameworks/CoreGraphics.framework; sourceTree = SDKROOT; };
		65A838EC1BFA9DF8005A876B /* Security.framework */ = {isa = PBXFileReference; lastKnownFileType = wrapper.framework; name = Security.framework; path = System/Library/Frameworks/Security.framework; sourceTree = SDKROOT; };
		65A838EE1BFA9DFC005A876B /* CoreLocation.framework */ = {isa = PBXFileReference; lastKnownFileType = wrapper.framework; name = CoreLocation.framework; path = System/Library/Frameworks/CoreLocation.framework; sourceTree = SDKROOT; };
		65A838F01BFA9E02005A876B /* Social.framework */ = {isa = PBXFileReference; lastKnownFileType = wrapper.framework; name = Social.framework; path = System/Library/Frameworks/Social.framework; sourceTree = SDKROOT; };
		65A838F21BFA9E08005A876B /* AdSupport.framework */ = {isa = PBXFileReference; lastKnownFileType = wrapper.framework; name = AdSupport.framework; path = System/Library/Frameworks/AdSupport.framework; sourceTree = SDKROOT; };
		65A838F41BFA9E0E005A876B /* Accounts.framework */ = {isa = PBXFileReference; lastKnownFileType = wrapper.framework; name = Accounts.framework; path = System/Library/Frameworks/Accounts.framework; sourceTree = SDKROOT; };
		65A838F61BFA9E17005A876B /* libsqlite3.0.tbd */ = {isa = PBXFileReference; lastKnownFileType = "sourcecode.text-based-dylib-definition"; name = libsqlite3.0.tbd; path = usr/lib/libsqlite3.0.tbd; sourceTree = SDKROOT; };
		65A838F81BFA9E34005A876B /* libstdc++.tbd */ = {isa = PBXFileReference; lastKnownFileType = "sourcecode.text-based-dylib-definition"; name = "libstdc++.tbd"; path = "usr/lib/libstdc++.tbd"; sourceTree = SDKROOT; };
		65A838FA1BFA9E3A005A876B /* libz.tbd */ = {isa = PBXFileReference; lastKnownFileType = "sourcecode.text-based-dylib-definition"; name = libz.tbd; path = usr/lib/libz.tbd; sourceTree = SDKROOT; };
		65A838FC1BFA9E41005A876B /* SystemConfiguration.framework */ = {isa = PBXFileReference; lastKnownFileType = wrapper.framework; name = SystemConfiguration.framework; path = System/Library/Frameworks/SystemConfiguration.framework; sourceTree = SDKROOT; };
		65A838FE1BFA9E53005A876B /* QuartzCore.framework */ = {isa = PBXFileReference; lastKnownFileType = wrapper.framework; name = QuartzCore.framework; path = System/Library/Frameworks/QuartzCore.framework; sourceTree = SDKROOT; };
		65A839001BFA9E60005A876B /* OpenGLES.framework */ = {isa = PBXFileReference; lastKnownFileType = wrapper.framework; name = OpenGLES.framework; path = System/Library/Frameworks/OpenGLES.framework; sourceTree = SDKROOT; };
		65A839021BFA9E67005A876B /* CFNetwork.framework */ = {isa = PBXFileReference; lastKnownFileType = wrapper.framework; name = CFNetwork.framework; path = System/Library/Frameworks/CFNetwork.framework; sourceTree = SDKROOT; };
		65A839041BFA9E6E005A876B /* MobileCoreServices.framework */ = {isa = PBXFileReference; lastKnownFileType = wrapper.framework; name = MobileCoreServices.framework; path = System/Library/Frameworks/MobileCoreServices.framework; sourceTree = SDKROOT; };
		65A839061BFA9E74005A876B /* AudioToolbox.framework */ = {isa = PBXFileReference; lastKnownFileType = wrapper.framework; name = AudioToolbox.framework; path = System/Library/Frameworks/AudioToolbox.framework; sourceTree = SDKROOT; };
		65A839081BFA9E7B005A876B /* AVFoundation.framework */ = {isa = PBXFileReference; lastKnownFileType = wrapper.framework; name = AVFoundation.framework; path = System/Library/Frameworks/AVFoundation.framework; sourceTree = SDKROOT; };
		65A8390A1BFA9E82005A876B /* CoreAudio.framework */ = {isa = PBXFileReference; lastKnownFileType = wrapper.framework; name = CoreAudio.framework; path = System/Library/Frameworks/CoreAudio.framework; sourceTree = SDKROOT; };
		65A8390C1BFA9E88005A876B /* CoreTelephony.framework */ = {isa = PBXFileReference; lastKnownFileType = wrapper.framework; name = CoreTelephony.framework; path = System/Library/Frameworks/CoreTelephony.framework; sourceTree = SDKROOT; };
		65A8390E1BFA9E8D005A876B /* CoreVideo.framework */ = {isa = PBXFileReference; lastKnownFileType = wrapper.framework; name = CoreVideo.framework; path = System/Library/Frameworks/CoreVideo.framework; sourceTree = SDKROOT; };
		65A839101BFA9E92005A876B /* Foundation.framework */ = {isa = PBXFileReference; lastKnownFileType = wrapper.framework; name = Foundation.framework; path = System/Library/Frameworks/Foundation.framework; sourceTree = SDKROOT; };
		65A839121BFA9E9B005A876B /* UIKit.framework */ = {isa = PBXFileReference; lastKnownFileType = wrapper.framework; name = UIKit.framework; path = System/Library/Frameworks/UIKit.framework; sourceTree = SDKROOT; };
		65A8391C1BFAA2E8005A876B /* ThreeWayFaceTime-Bridging-Header.h */ = {isa = PBXFileReference; lastKnownFileType = sourcecode.c.h; path = "ThreeWayFaceTime-Bridging-Header.h"; sourceTree = "<group>"; };
		65C45C821BFA9B5D0019E91A /* ThreeWayFaceTime.app */ = {isa = PBXFileReference; explicitFileType = wrapper.application; includeInIndex = 0; path = ThreeWayFaceTime.app; sourceTree = BUILT_PRODUCTS_DIR; };
		65C45C851BFA9B5D0019E91A /* AppDelegate.swift */ = {isa = PBXFileReference; lastKnownFileType = sourcecode.swift; path = AppDelegate.swift; sourceTree = "<group>"; };
		65C45C8A1BFA9B5D0019E91A /* Base */ = {isa = PBXFileReference; lastKnownFileType = file.storyboard; name = Base; path = Base.lproj/Main.storyboard; sourceTree = "<group>"; };
		65C45C8D1BFA9B5E0019E91A /* ThreeWayFaceTime.xcdatamodel */ = {isa = PBXFileReference; lastKnownFileType = wrapper.xcdatamodel; path = ThreeWayFaceTime.xcdatamodel; sourceTree = "<group>"; };
		65C45C8F1BFA9B5E0019E91A /* Assets.xcassets */ = {isa = PBXFileReference; lastKnownFileType = folder.assetcatalog; path = Assets.xcassets; sourceTree = "<group>"; };
		65C45C921BFA9B5E0019E91A /* Base */ = {isa = PBXFileReference; lastKnownFileType = file.storyboard; name = Base; path = Base.lproj/LaunchScreen.storyboard; sourceTree = "<group>"; };
		65C45C941BFA9B5E0019E91A /* Info.plist */ = {isa = PBXFileReference; lastKnownFileType = text.plist.xml; path = Info.plist; sourceTree = "<group>"; };
		65C45C991BFA9B5E0019E91A /* ThreeWayFaceTimeTests.xctest */ = {isa = PBXFileReference; explicitFileType = wrapper.cfbundle; includeInIndex = 0; path = ThreeWayFaceTimeTests.xctest; sourceTree = BUILT_PRODUCTS_DIR; };
		65C45C9D1BFA9B5E0019E91A /* ThreeWayFaceTimeTests.swift */ = {isa = PBXFileReference; lastKnownFileType = sourcecode.swift; path = ThreeWayFaceTimeTests.swift; sourceTree = "<group>"; };
		65C45C9F1BFA9B5E0019E91A /* Info.plist */ = {isa = PBXFileReference; lastKnownFileType = text.plist.xml; path = Info.plist; sourceTree = "<group>"; };
		65C45CA41BFA9B5E0019E91A /* ThreeWayFaceTimeUITests.xctest */ = {isa = PBXFileReference; explicitFileType = wrapper.cfbundle; includeInIndex = 0; path = ThreeWayFaceTimeUITests.xctest; sourceTree = BUILT_PRODUCTS_DIR; };
		65C45CA81BFA9B5E0019E91A /* ThreeWayFaceTimeUITests.swift */ = {isa = PBXFileReference; lastKnownFileType = sourcecode.swift; path = ThreeWayFaceTimeUITests.swift; sourceTree = "<group>"; };
		65C45CAA1BFA9B5E0019E91A /* Info.plist */ = {isa = PBXFileReference; lastKnownFileType = text.plist.xml; path = Info.plist; sourceTree = "<group>"; };
		65E7C81B1C437144003EE16C /* cloud */ = {isa = PBXFileReference; lastKnownFileType = folder; path = cloud; sourceTree = "<group>"; };
		6B28032F6EAD56B697E7472E /* Pods.framework */ = {isa = PBXFileReference; explicitFileType = wrapper.framework; includeInIndex = 0; path = Pods.framework; sourceTree = BUILT_PRODUCTS_DIR; };
		ADB7A0CE9E98A2F384517FC3 /* Pods.release.xcconfig */ = {isa = PBXFileReference; includeInIndex = 1; lastKnownFileType = text.xcconfig; name = Pods.release.xcconfig; path = "Pods/Target Support Files/Pods/Pods.release.xcconfig"; sourceTree = "<group>"; };
/* End PBXFileReference section */

/* Begin PBXFrameworksBuildPhase section */
		65C45C7F1BFA9B5D0019E91A /* Frameworks */ = {
			isa = PBXFrameworksBuildPhase;
			buildActionMask = 2147483647;
			files = (
				6516C1861C470323003B35E0 /* AddressBookUI.framework in Frameworks */,
				6516C1841C47031D003B35E0 /* AddressBook.framework in Frameworks */,
				65A839131BFA9E9B005A876B /* UIKit.framework in Frameworks */,
				65A839111BFA9E92005A876B /* Foundation.framework in Frameworks */,
				65A8390F1BFA9E8D005A876B /* CoreVideo.framework in Frameworks */,
				65A8390D1BFA9E88005A876B /* CoreTelephony.framework in Frameworks */,
				65A8390B1BFA9E82005A876B /* CoreAudio.framework in Frameworks */,
				65A839091BFA9E7B005A876B /* AVFoundation.framework in Frameworks */,
				65A839071BFA9E74005A876B /* AudioToolbox.framework in Frameworks */,
				65A839051BFA9E6E005A876B /* MobileCoreServices.framework in Frameworks */,
				65A839031BFA9E67005A876B /* CFNetwork.framework in Frameworks */,
				65A839011BFA9E60005A876B /* OpenGLES.framework in Frameworks */,
				65A838FF1BFA9E53005A876B /* QuartzCore.framework in Frameworks */,
				65A838FD1BFA9E41005A876B /* SystemConfiguration.framework in Frameworks */,
				65A838FB1BFA9E3A005A876B /* libz.tbd in Frameworks */,
				65A838F91BFA9E34005A876B /* libstdc++.tbd in Frameworks */,
				65A838F71BFA9E17005A876B /* libsqlite3.0.tbd in Frameworks */,
				65A838F51BFA9E0E005A876B /* Accounts.framework in Frameworks */,
				65A838F31BFA9E08005A876B /* AdSupport.framework in Frameworks */,
				65A838F11BFA9E02005A876B /* Social.framework in Frameworks */,
				65A838EF1BFA9DFC005A876B /* CoreLocation.framework in Frameworks */,
				65A838ED1BFA9DF8005A876B /* Security.framework in Frameworks */,
				65A838EB1BFA9DF2005A876B /* CoreGraphics.framework in Frameworks */,
				65A838E91BFA9DED005A876B /* CoreMedia.framework in Frameworks */,
				8600115B1C41C8F854F60FEB /* Pods.framework in Frameworks */,
			);
			runOnlyForDeploymentPostprocessing = 0;
		};
		65C45C961BFA9B5E0019E91A /* Frameworks */ = {
			isa = PBXFrameworksBuildPhase;
			buildActionMask = 2147483647;
			files = (
			);
			runOnlyForDeploymentPostprocessing = 0;
		};
		65C45CA11BFA9B5E0019E91A /* Frameworks */ = {
			isa = PBXFrameworksBuildPhase;
			buildActionMask = 2147483647;
			files = (
			);
			runOnlyForDeploymentPostprocessing = 0;
		};
/* End PBXFrameworksBuildPhase section */

/* Begin PBXGroup section */
		520432375788CD664A926CD1 /* Pods */ = {
			isa = PBXGroup;
			children = (
				2E98B168BF0F3B4C53A5B050 /* Pods.debug.xcconfig */,
				ADB7A0CE9E98A2F384517FC3 /* Pods.release.xcconfig */,
			);
			name = Pods;
			sourceTree = "<group>";
		};
		65044DC71C40D082008B8F14 /* Supporting Files */ = {
			isa = PBXGroup;
			children = (
				65C45C891BFA9B5D0019E91A /* Main.storyboard */,
				65C45C8F1BFA9B5E0019E91A /* Assets.xcassets */,
				65C45C911BFA9B5E0019E91A /* LaunchScreen.storyboard */,
				65C45C941BFA9B5E0019E91A /* Info.plist */,
				65C45C8C1BFA9B5E0019E91A /* ThreeWayFaceTime.xcdatamodeld */,
				65A8391C1BFAA2E8005A876B /* ThreeWayFaceTime-Bridging-Header.h */,
			);
			name = "Supporting Files";
			sourceTree = "<group>";
		};
		6516C18B1C47304A003B35E0 /* Extensions */ = {
			isa = PBXGroup;
			children = (
				6516C1871C472F9F003B35E0 /* FT+NSUserDefaults.swift */,
				6516C1891C472FB9003B35E0 /* FT+UIAlertController.swift */,
			);
			name = Extensions;
			sourceTree = "<group>";
		};
		65C45C791BFA9B5D0019E91A = {
			isa = PBXGroup;
			children = (
				65E7C81B1C437144003EE16C /* cloud */,
				65C45C841BFA9B5D0019E91A /* ThreeWayFaceTime */,
				65C45C9C1BFA9B5E0019E91A /* ThreeWayFaceTimeTests */,
				65C45CA71BFA9B5E0019E91A /* ThreeWayFaceTimeUITests */,
				65C45C831BFA9B5D0019E91A /* Products */,
				520432375788CD664A926CD1 /* Pods */,
				D3ECB23CA757B60167BD474C /* Frameworks */,
			);
			sourceTree = "<group>";
		};
		65C45C831BFA9B5D0019E91A /* Products */ = {
			isa = PBXGroup;
			children = (
				65C45C821BFA9B5D0019E91A /* ThreeWayFaceTime.app */,
				65C45C991BFA9B5E0019E91A /* ThreeWayFaceTimeTests.xctest */,
				65C45CA41BFA9B5E0019E91A /* ThreeWayFaceTimeUITests.xctest */,
			);
			name = Products;
			sourceTree = "<group>";
		};
		65C45C841BFA9B5D0019E91A /* ThreeWayFaceTime */ = {
			isa = PBXGroup;
			children = (
				65C45C851BFA9B5D0019E91A /* AppDelegate.swift */,
				65961AB91C448FEC00BD9212 /* LoginViewController.swift */,
				6516C18B1C47304A003B35E0 /* Extensions */,
				6585C7CC1C38CE4300A32E55 /* MainViewController.swift */,
				6516C18C1C473222003B35E0 /* CoreData.swift */,
				65961AB71C448F3000BD9212 /* OpenTokHelper.swift */,
				65044DC91C40D7B5008B8F14 /* secondStream.swift */,
				65044DC71C40D082008B8F14 /* Supporting Files */,
			);
			path = ThreeWayFaceTime;
			sourceTree = "<group>";
		};
		65C45C9C1BFA9B5E0019E91A /* ThreeWayFaceTimeTests */ = {
			isa = PBXGroup;
			children = (
				65C45C9D1BFA9B5E0019E91A /* ThreeWayFaceTimeTests.swift */,
				65C45C9F1BFA9B5E0019E91A /* Info.plist */,
			);
			path = ThreeWayFaceTimeTests;
			sourceTree = "<group>";
		};
		65C45CA71BFA9B5E0019E91A /* ThreeWayFaceTimeUITests */ = {
			isa = PBXGroup;
			children = (
				65C45CA81BFA9B5E0019E91A /* ThreeWayFaceTimeUITests.swift */,
				65C45CAA1BFA9B5E0019E91A /* Info.plist */,
			);
			path = ThreeWayFaceTimeUITests;
			sourceTree = "<group>";
		};
		D3ECB23CA757B60167BD474C /* Frameworks */ = {
			isa = PBXGroup;
			children = (
				6516C1851C470323003B35E0 /* AddressBookUI.framework */,
				6516C1831C47031D003B35E0 /* AddressBook.framework */,
				65A839121BFA9E9B005A876B /* UIKit.framework */,
				65A839101BFA9E92005A876B /* Foundation.framework */,
				65A8390E1BFA9E8D005A876B /* CoreVideo.framework */,
				65A8390C1BFA9E88005A876B /* CoreTelephony.framework */,
				65A8390A1BFA9E82005A876B /* CoreAudio.framework */,
				65A839081BFA9E7B005A876B /* AVFoundation.framework */,
				65A839061BFA9E74005A876B /* AudioToolbox.framework */,
				65A839041BFA9E6E005A876B /* MobileCoreServices.framework */,
				65A839021BFA9E67005A876B /* CFNetwork.framework */,
				65A839001BFA9E60005A876B /* OpenGLES.framework */,
				65A838FE1BFA9E53005A876B /* QuartzCore.framework */,
				65A838FC1BFA9E41005A876B /* SystemConfiguration.framework */,
				65A838FA1BFA9E3A005A876B /* libz.tbd */,
				65A838F81BFA9E34005A876B /* libstdc++.tbd */,
				65A838F61BFA9E17005A876B /* libsqlite3.0.tbd */,
				65A838F41BFA9E0E005A876B /* Accounts.framework */,
				65A838F21BFA9E08005A876B /* AdSupport.framework */,
				65A838F01BFA9E02005A876B /* Social.framework */,
				65A838EE1BFA9DFC005A876B /* CoreLocation.framework */,
				65A838EC1BFA9DF8005A876B /* Security.framework */,
				65A838EA1BFA9DF2005A876B /* CoreGraphics.framework */,
				65A838E81BFA9DED005A876B /* CoreMedia.framework */,
				6B28032F6EAD56B697E7472E /* Pods.framework */,
			);
			name = Frameworks;
			sourceTree = "<group>";
		};
/* End PBXGroup section */

/* Begin PBXNativeTarget section */
		65C45C811BFA9B5D0019E91A /* ThreeWayFaceTime */ = {
			isa = PBXNativeTarget;
			buildConfigurationList = 65C45CAD1BFA9B5E0019E91A /* Build configuration list for PBXNativeTarget "ThreeWayFaceTime" */;
			buildPhases = (
				411AA3FD9E045F3CE2379CCD /* Check Pods Manifest.lock */,
				65C45C7E1BFA9B5D0019E91A /* Sources */,
				65C45C7F1BFA9B5D0019E91A /* Frameworks */,
				65C45C801BFA9B5D0019E91A /* Resources */,
				6B2651A31A570605EFD26BD2 /* Copy Pods Resources */,
				65E7C81A1C4364E9003EE16C /* ShellScript */,
				CA67C2B488E2DAB16A4A550A /* Embed Pods Frameworks */,
			);
			buildRules = (
			);
			dependencies = (
			);
			name = ThreeWayFaceTime;
			productName = ThreeWayFaceTime;
			productReference = 65C45C821BFA9B5D0019E91A /* ThreeWayFaceTime.app */;
			productType = "com.apple.product-type.application";
		};
		65C45C981BFA9B5E0019E91A /* ThreeWayFaceTimeTests */ = {
			isa = PBXNativeTarget;
			buildConfigurationList = 65C45CB01BFA9B5E0019E91A /* Build configuration list for PBXNativeTarget "ThreeWayFaceTimeTests" */;
			buildPhases = (
				65C45C951BFA9B5E0019E91A /* Sources */,
				65C45C961BFA9B5E0019E91A /* Frameworks */,
				65C45C971BFA9B5E0019E91A /* Resources */,
			);
			buildRules = (
			);
			dependencies = (
				65C45C9B1BFA9B5E0019E91A /* PBXTargetDependency */,
			);
			name = ThreeWayFaceTimeTests;
			productName = ThreeWayFaceTimeTests;
			productReference = 65C45C991BFA9B5E0019E91A /* ThreeWayFaceTimeTests.xctest */;
			productType = "com.apple.product-type.bundle.unit-test";
		};
		65C45CA31BFA9B5E0019E91A /* ThreeWayFaceTimeUITests */ = {
			isa = PBXNativeTarget;
			buildConfigurationList = 65C45CB31BFA9B5E0019E91A /* Build configuration list for PBXNativeTarget "ThreeWayFaceTimeUITests" */;
			buildPhases = (
				65C45CA01BFA9B5E0019E91A /* Sources */,
				65C45CA11BFA9B5E0019E91A /* Frameworks */,
				65C45CA21BFA9B5E0019E91A /* Resources */,
			);
			buildRules = (
			);
			dependencies = (
				65C45CA61BFA9B5E0019E91A /* PBXTargetDependency */,
			);
			name = ThreeWayFaceTimeUITests;
			productName = ThreeWayFaceTimeUITests;
			productReference = 65C45CA41BFA9B5E0019E91A /* ThreeWayFaceTimeUITests.xctest */;
			productType = "com.apple.product-type.bundle.ui-testing";
		};
/* End PBXNativeTarget section */

/* Begin PBXProject section */
		65C45C7A1BFA9B5D0019E91A /* Project object */ = {
			isa = PBXProject;
			attributes = {
				LastSwiftUpdateCheck = 0710;
				LastUpgradeCheck = 0710;
				ORGANIZATIONNAME = "Hunter Maximillion Monk";
				TargetAttributes = {
					65C45C811BFA9B5D0019E91A = {
						CreatedOnToolsVersion = 7.1;
						SystemCapabilities = {
							com.apple.BackgroundModes = {
								enabled = 1;
							};
						};
					};
					65C45C981BFA9B5E0019E91A = {
						CreatedOnToolsVersion = 7.1;
						TestTargetID = 65C45C811BFA9B5D0019E91A;
					};
					65C45CA31BFA9B5E0019E91A = {
						CreatedOnToolsVersion = 7.1;
						TestTargetID = 65C45C811BFA9B5D0019E91A;
					};
				};
			};
			buildConfigurationList = 65C45C7D1BFA9B5D0019E91A /* Build configuration list for PBXProject "ThreeWayFaceTime" */;
			compatibilityVersion = "Xcode 3.2";
			developmentRegion = English;
			hasScannedForEncodings = 0;
			knownRegions = (
				en,
				Base,
			);
			mainGroup = 65C45C791BFA9B5D0019E91A;
			productRefGroup = 65C45C831BFA9B5D0019E91A /* Products */;
			projectDirPath = "";
			projectRoot = "";
			targets = (
				65C45C811BFA9B5D0019E91A /* ThreeWayFaceTime */,
				65C45C981BFA9B5E0019E91A /* ThreeWayFaceTimeTests */,
				65C45CA31BFA9B5E0019E91A /* ThreeWayFaceTimeUITests */,
			);
		};
/* End PBXProject section */

/* Begin PBXResourcesBuildPhase section */
		65C45C801BFA9B5D0019E91A /* Resources */ = {
			isa = PBXResourcesBuildPhase;
			buildActionMask = 2147483647;
			files = (
				65E7C81C1C437144003EE16C /* cloud in Resources */,
				65C45C931BFA9B5E0019E91A /* LaunchScreen.storyboard in Resources */,
				65C45C901BFA9B5E0019E91A /* Assets.xcassets in Resources */,
				65C45C8B1BFA9B5D0019E91A /* Main.storyboard in Resources */,
			);
			runOnlyForDeploymentPostprocessing = 0;
		};
		65C45C971BFA9B5E0019E91A /* Resources */ = {
			isa = PBXResourcesBuildPhase;
			buildActionMask = 2147483647;
			files = (
			);
			runOnlyForDeploymentPostprocessing = 0;
		};
		65C45CA21BFA9B5E0019E91A /* Resources */ = {
			isa = PBXResourcesBuildPhase;
			buildActionMask = 2147483647;
			files = (
			);
			runOnlyForDeploymentPostprocessing = 0;
		};
/* End PBXResourcesBuildPhase section */

/* Begin PBXShellScriptBuildPhase section */
		411AA3FD9E045F3CE2379CCD /* Check Pods Manifest.lock */ = {
			isa = PBXShellScriptBuildPhase;
			buildActionMask = 2147483647;
			files = (
			);
			inputPaths = (
			);
			name = "Check Pods Manifest.lock";
			outputPaths = (
			);
			runOnlyForDeploymentPostprocessing = 0;
			shellPath = /bin/sh;
			shellScript = "diff \"${PODS_ROOT}/../Podfile.lock\" \"${PODS_ROOT}/Manifest.lock\" > /dev/null\nif [[ $? != 0 ]] ; then\n    cat << EOM\nerror: The sandbox is not in sync with the Podfile.lock. Run 'pod install' or update your CocoaPods installation.\nEOM\n    exit 1\nfi\n";
			showEnvVarsInLog = 0;
		};
		65E7C81A1C4364E9003EE16C /* ShellScript */ = {
			isa = PBXShellScriptBuildPhase;
			buildActionMask = 2147483647;
			files = (
			);
			inputPaths = (
			);
			outputPaths = (
			);
			runOnlyForDeploymentPostprocessing = 0;
			shellPath = /bin/sh;
			shellScript = "\"${PODS_ROOT}/Fabric/run\" 3b0959a9fd1465c8f1a1e9f91397a34efb70a878 1016ba06ed81c2b4b67451435e1a1334bea679ad8c7608fc2958c36fcf4759fe\n\nbuildNumber=$(/usr/libexec/PlistBuddy -c \"Print CFBundleVersion\" \"${PROJECT_DIR}/${INFOPLIST_FILE}\")\nbuildNumber=$(($buildNumber + 1))\n/usr/libexec/PlistBuddy -c \"Set :CFBundleVersion $buildNumber\" \"${PROJECT_DIR}/${INFOPLIST_FILE}\"";
		};
		6B2651A31A570605EFD26BD2 /* Copy Pods Resources */ = {
			isa = PBXShellScriptBuildPhase;
			buildActionMask = 2147483647;
			files = (
			);
			inputPaths = (
			);
			name = "Copy Pods Resources";
			outputPaths = (
			);
			runOnlyForDeploymentPostprocessing = 0;
			shellPath = /bin/sh;
			shellScript = "\"${SRCROOT}/Pods/Target Support Files/Pods/Pods-resources.sh\"\n";
			showEnvVarsInLog = 0;
		};
		CA67C2B488E2DAB16A4A550A /* Embed Pods Frameworks */ = {
			isa = PBXShellScriptBuildPhase;
			buildActionMask = 2147483647;
			files = (
			);
			inputPaths = (
			);
			name = "Embed Pods Frameworks";
			outputPaths = (
			);
			runOnlyForDeploymentPostprocessing = 0;
			shellPath = /bin/sh;
			shellScript = "\"${SRCROOT}/Pods/Target Support Files/Pods/Pods-frameworks.sh\"\n";
			showEnvVarsInLog = 0;
		};
/* End PBXShellScriptBuildPhase section */

/* Begin PBXSourcesBuildPhase section */
		65C45C7E1BFA9B5D0019E91A /* Sources */ = {
			isa = PBXSourcesBuildPhase;
			buildActionMask = 2147483647;
			files = (
				65961ABA1C448FEC00BD9212 /* LoginViewController.swift in Sources */,
				65C45C8E1BFA9B5E0019E91A /* ThreeWayFaceTime.xcdatamodeld in Sources */,
				65044DCA1C40D7B5008B8F14 /* secondStream.swift in Sources */,
				6585C7CD1C38CE4300A32E55 /* MainViewController.swift in Sources */,
				6516C18D1C473222003B35E0 /* CoreData.swift in Sources */,
				6516C18A1C472FB9003B35E0 /* FT+UIAlertController.swift in Sources */,
				65961AB81C448F3000BD9212 /* OpenTokHelper.swift in Sources */,
				65C45C861BFA9B5D0019E91A /* AppDelegate.swift in Sources */,
				6516C1881C472F9F003B35E0 /* FT+NSUserDefaults.swift in Sources */,
			);
			runOnlyForDeploymentPostprocessing = 0;
		};
		65C45C951BFA9B5E0019E91A /* Sources */ = {
			isa = PBXSourcesBuildPhase;
			buildActionMask = 2147483647;
			files = (
				65C45C9E1BFA9B5E0019E91A /* ThreeWayFaceTimeTests.swift in Sources */,
			);
			runOnlyForDeploymentPostprocessing = 0;
		};
		65C45CA01BFA9B5E0019E91A /* Sources */ = {
			isa = PBXSourcesBuildPhase;
			buildActionMask = 2147483647;
			files = (
				65C45CA91BFA9B5E0019E91A /* ThreeWayFaceTimeUITests.swift in Sources */,
			);
			runOnlyForDeploymentPostprocessing = 0;
		};
/* End PBXSourcesBuildPhase section */

/* Begin PBXTargetDependency section */
		65C45C9B1BFA9B5E0019E91A /* PBXTargetDependency */ = {
			isa = PBXTargetDependency;
			target = 65C45C811BFA9B5D0019E91A /* ThreeWayFaceTime */;
			targetProxy = 65C45C9A1BFA9B5E0019E91A /* PBXContainerItemProxy */;
		};
		65C45CA61BFA9B5E0019E91A /* PBXTargetDependency */ = {
			isa = PBXTargetDependency;
			target = 65C45C811BFA9B5D0019E91A /* ThreeWayFaceTime */;
			targetProxy = 65C45CA51BFA9B5E0019E91A /* PBXContainerItemProxy */;
		};
/* End PBXTargetDependency section */

/* Begin PBXVariantGroup section */
		65C45C891BFA9B5D0019E91A /* Main.storyboard */ = {
			isa = PBXVariantGroup;
			children = (
				65C45C8A1BFA9B5D0019E91A /* Base */,
			);
			name = Main.storyboard;
			sourceTree = "<group>";
		};
		65C45C911BFA9B5E0019E91A /* LaunchScreen.storyboard */ = {
			isa = PBXVariantGroup;
			children = (
				65C45C921BFA9B5E0019E91A /* Base */,
			);
			name = LaunchScreen.storyboard;
			sourceTree = "<group>";
		};
/* End PBXVariantGroup section */

/* Begin XCBuildConfiguration section */
		65C45CAB1BFA9B5E0019E91A /* Debug */ = {
			isa = XCBuildConfiguration;
			buildSettings = {
				ALWAYS_SEARCH_USER_PATHS = NO;
				CLANG_CXX_LANGUAGE_STANDARD = "gnu++0x";
				CLANG_CXX_LIBRARY = "libc++";
				CLANG_ENABLE_MODULES = YES;
				CLANG_ENABLE_OBJC_ARC = YES;
				CLANG_WARN_BOOL_CONVERSION = YES;
				CLANG_WARN_CONSTANT_CONVERSION = YES;
				CLANG_WARN_DIRECT_OBJC_ISA_USAGE = YES_ERROR;
				CLANG_WARN_EMPTY_BODY = YES;
				CLANG_WARN_ENUM_CONVERSION = YES;
				CLANG_WARN_INT_CONVERSION = YES;
				CLANG_WARN_OBJC_ROOT_CLASS = YES_ERROR;
				CLANG_WARN_UNREACHABLE_CODE = YES;
				CLANG_WARN__DUPLICATE_METHOD_MATCH = YES;
				"CODE_SIGN_IDENTITY[sdk=iphoneos*]" = "iPhone Developer";
				COPY_PHASE_STRIP = NO;
				DEBUG_INFORMATION_FORMAT = dwarf;
				ENABLE_STRICT_OBJC_MSGSEND = YES;
				ENABLE_TESTABILITY = YES;
				GCC_C_LANGUAGE_STANDARD = gnu99;
				GCC_DYNAMIC_NO_PIC = NO;
				GCC_NO_COMMON_BLOCKS = YES;
				GCC_OPTIMIZATION_LEVEL = 0;
				GCC_PREPROCESSOR_DEFINITIONS = (
					"DEBUG=1",
					"$(inherited)",
				);
				GCC_WARN_64_TO_32_BIT_CONVERSION = YES;
				GCC_WARN_ABOUT_RETURN_TYPE = YES_ERROR;
				GCC_WARN_UNDECLARED_SELECTOR = YES;
				GCC_WARN_UNINITIALIZED_AUTOS = YES_AGGRESSIVE;
				GCC_WARN_UNUSED_FUNCTION = YES;
				GCC_WARN_UNUSED_VARIABLE = YES;
				IPHONEOS_DEPLOYMENT_TARGET = 9.1;
				MTL_ENABLE_DEBUG_INFO = YES;
				ONLY_ACTIVE_ARCH = YES;
				SDKROOT = iphoneos;
				SWIFT_OPTIMIZATION_LEVEL = "-Onone";
				TARGETED_DEVICE_FAMILY = "1,2";
			};
			name = Debug;
		};
		65C45CAC1BFA9B5E0019E91A /* Release */ = {
			isa = XCBuildConfiguration;
			buildSettings = {
				ALWAYS_SEARCH_USER_PATHS = NO;
				CLANG_CXX_LANGUAGE_STANDARD = "gnu++0x";
				CLANG_CXX_LIBRARY = "libc++";
				CLANG_ENABLE_MODULES = YES;
				CLANG_ENABLE_OBJC_ARC = YES;
				CLANG_WARN_BOOL_CONVERSION = YES;
				CLANG_WARN_CONSTANT_CONVERSION = YES;
				CLANG_WARN_DIRECT_OBJC_ISA_USAGE = YES_ERROR;
				CLANG_WARN_EMPTY_BODY = YES;
				CLANG_WARN_ENUM_CONVERSION = YES;
				CLANG_WARN_INT_CONVERSION = YES;
				CLANG_WARN_OBJC_ROOT_CLASS = YES_ERROR;
				CLANG_WARN_UNREACHABLE_CODE = YES;
				CLANG_WARN__DUPLICATE_METHOD_MATCH = YES;
				"CODE_SIGN_IDENTITY[sdk=iphoneos*]" = "iPhone Developer";
				COPY_PHASE_STRIP = NO;
				DEBUG_INFORMATION_FORMAT = "dwarf-with-dsym";
				ENABLE_NS_ASSERTIONS = NO;
				ENABLE_STRICT_OBJC_MSGSEND = YES;
				GCC_C_LANGUAGE_STANDARD = gnu99;
				GCC_NO_COMMON_BLOCKS = YES;
				GCC_WARN_64_TO_32_BIT_CONVERSION = YES;
				GCC_WARN_ABOUT_RETURN_TYPE = YES_ERROR;
				GCC_WARN_UNDECLARED_SELECTOR = YES;
				GCC_WARN_UNINITIALIZED_AUTOS = YES_AGGRESSIVE;
				GCC_WARN_UNUSED_FUNCTION = YES;
				GCC_WARN_UNUSED_VARIABLE = YES;
				IPHONEOS_DEPLOYMENT_TARGET = 9.1;
				MTL_ENABLE_DEBUG_INFO = NO;
				SDKROOT = iphoneos;
				TARGETED_DEVICE_FAMILY = "1,2";
				VALIDATE_PRODUCT = YES;
			};
			name = Release;
		};
		65C45CAE1BFA9B5E0019E91A /* Debug */ = {
			isa = XCBuildConfiguration;
			baseConfigurationReference = 2E98B168BF0F3B4C53A5B050 /* Pods.debug.xcconfig */;
			buildSettings = {
				ASSETCATALOG_COMPILER_APPICON_NAME = AppIcon;
				CLANG_ENABLE_MODULES = YES;
				ENABLE_BITCODE = NO;
				INFOPLIST_FILE = ThreeWayFaceTime/Info.plist;
				LD_RUNPATH_SEARCH_PATHS = "$(inherited) @executable_path/Frameworks";
				PRODUCT_BUNDLE_IDENTIFIER = com.huntermaximillionmonk.ThreeWayFaceTime;
				PRODUCT_NAME = "$(TARGET_NAME)";
				SWIFT_OBJC_BRIDGING_HEADER = "ThreeWayFaceTime/ThreeWayFaceTime-Bridging-Header.h";
				SWIFT_OPTIMIZATION_LEVEL = "-Onone";
			};
			name = Debug;
		};
		65C45CAF1BFA9B5E0019E91A /* Release */ = {
			isa = XCBuildConfiguration;
			baseConfigurationReference = ADB7A0CE9E98A2F384517FC3 /* Pods.release.xcconfig */;
			buildSettings = {
				ASSETCATALOG_COMPILER_APPICON_NAME = AppIcon;
				CLANG_ENABLE_MODULES = YES;
				ENABLE_BITCODE = NO;
				INFOPLIST_FILE = ThreeWayFaceTime/Info.plist;
				LD_RUNPATH_SEARCH_PATHS = "$(inherited) @executable_path/Frameworks";
				PRODUCT_BUNDLE_IDENTIFIER = com.huntermaximillionmonk.ThreeWayFaceTime;
				PRODUCT_NAME = "$(TARGET_NAME)";
				SWIFT_OBJC_BRIDGING_HEADER = "ThreeWayFaceTime/ThreeWayFaceTime-Bridging-Header.h";
			};
			name = Release;
		};
		65C45CB11BFA9B5E0019E91A /* Debug */ = {
			isa = XCBuildConfiguration;
			buildSettings = {
				BUNDLE_LOADER = "$(TEST_HOST)";
				INFOPLIST_FILE = ThreeWayFaceTimeTests/Info.plist;
				LD_RUNPATH_SEARCH_PATHS = "$(inherited) @executable_path/Frameworks @loader_path/Frameworks";
				PRODUCT_BUNDLE_IDENTIFIER = com.huntermaximillionmonk.ThreeWayFaceTimeTests;
				PRODUCT_NAME = "$(TARGET_NAME)";
				TEST_HOST = "$(BUILT_PRODUCTS_DIR)/ThreeWayFaceTime.app/ThreeWayFaceTime";
			};
			name = Debug;
		};
		65C45CB21BFA9B5E0019E91A /* Release */ = {
			isa = XCBuildConfiguration;
			buildSettings = {
				BUNDLE_LOADER = "$(TEST_HOST)";
				INFOPLIST_FILE = ThreeWayFaceTimeTests/Info.plist;
				LD_RUNPATH_SEARCH_PATHS = "$(inherited) @executable_path/Frameworks @loader_path/Frameworks";
				PRODUCT_BUNDLE_IDENTIFIER = com.huntermaximillionmonk.ThreeWayFaceTimeTests;
				PRODUCT_NAME = "$(TARGET_NAME)";
				TEST_HOST = "$(BUILT_PRODUCTS_DIR)/ThreeWayFaceTime.app/ThreeWayFaceTime";
			};
			name = Release;
		};
		65C45CB41BFA9B5E0019E91A /* Debug */ = {
			isa = XCBuildConfiguration;
			buildSettings = {
				INFOPLIST_FILE = ThreeWayFaceTimeUITests/Info.plist;
				LD_RUNPATH_SEARCH_PATHS = "$(inherited) @executable_path/Frameworks @loader_path/Frameworks";
				PRODUCT_BUNDLE_IDENTIFIER = com.huntermaximillionmonk.ThreeWayFaceTimeUITests;
				PRODUCT_NAME = "$(TARGET_NAME)";
				TEST_TARGET_NAME = ThreeWayFaceTime;
				USES_XCTRUNNER = YES;
			};
			name = Debug;
		};
		65C45CB51BFA9B5E0019E91A /* Release */ = {
			isa = XCBuildConfiguration;
			buildSettings = {
				INFOPLIST_FILE = ThreeWayFaceTimeUITests/Info.plist;
				LD_RUNPATH_SEARCH_PATHS = "$(inherited) @executable_path/Frameworks @loader_path/Frameworks";
				PRODUCT_BUNDLE_IDENTIFIER = com.huntermaximillionmonk.ThreeWayFaceTimeUITests;
				PRODUCT_NAME = "$(TARGET_NAME)";
				TEST_TARGET_NAME = ThreeWayFaceTime;
				USES_XCTRUNNER = YES;
			};
			name = Release;
		};
/* End XCBuildConfiguration section */

/* Begin XCConfigurationList section */
		65C45C7D1BFA9B5D0019E91A /* Build configuration list for PBXProject "ThreeWayFaceTime" */ = {
			isa = XCConfigurationList;
			buildConfigurations = (
				65C45CAB1BFA9B5E0019E91A /* Debug */,
				65C45CAC1BFA9B5E0019E91A /* Release */,
			);
			defaultConfigurationIsVisible = 0;
			defaultConfigurationName = Release;
		};
		65C45CAD1BFA9B5E0019E91A /* Build configuration list for PBXNativeTarget "ThreeWayFaceTime" */ = {
			isa = XCConfigurationList;
			buildConfigurations = (
				65C45CAE1BFA9B5E0019E91A /* Debug */,
				65C45CAF1BFA9B5E0019E91A /* Release */,
			);
			defaultConfigurationIsVisible = 0;
			defaultConfigurationName = Release;
		};
		65C45CB01BFA9B5E0019E91A /* Build configuration list for PBXNativeTarget "ThreeWayFaceTimeTests" */ = {
			isa = XCConfigurationList;
			buildConfigurations = (
				65C45CB11BFA9B5E0019E91A /* Debug */,
				65C45CB21BFA9B5E0019E91A /* Release */,
			);
			defaultConfigurationIsVisible = 0;
			defaultConfigurationName = Release;
		};
		65C45CB31BFA9B5E0019E91A /* Build configuration list for PBXNativeTarget "ThreeWayFaceTimeUITests" */ = {
			isa = XCConfigurationList;
			buildConfigurations = (
				65C45CB41BFA9B5E0019E91A /* Debug */,
				65C45CB51BFA9B5E0019E91A /* Release */,
			);
			defaultConfigurationIsVisible = 0;
			defaultConfigurationName = Release;
		};
/* End XCConfigurationList section */

/* Begin XCVersionGroup section */
		65C45C8C1BFA9B5E0019E91A /* ThreeWayFaceTime.xcdatamodeld */ = {
			isa = XCVersionGroup;
			children = (
				65C45C8D1BFA9B5E0019E91A /* ThreeWayFaceTime.xcdatamodel */,
			);
			currentVersion = 65C45C8D1BFA9B5E0019E91A /* ThreeWayFaceTime.xcdatamodel */;
			path = ThreeWayFaceTime.xcdatamodeld;
			sourceTree = "<group>";
			versionGroupType = wrapper.xcdatamodel;
		};
/* End XCVersionGroup section */
	};
	rootObject = 65C45C7A1BFA9B5D0019E91A /* Project object */;
}
