PODS:
  - Bolts/Tasks (1.5.0)
  - OpenTok (2.6.1)
  - Parse (1.9.1):
    - Bolts/Tasks (>= 1.4.0)

DEPENDENCIES:
  - OpenTok
  - Parse

SPEC CHECKSUMS:
  Bolts: 722ab9a4f8b50fc4ed1b9998a5a7a2b3f16d80b4
  OpenTok: 6c094ee06dc954a4327c0a736f494f0eaf35c48c
  Parse: 54a965c8c19a6dde90284ab654dbcc77ef8c001b

COCOAPODS: 0.38.2
